
Microsoft Visual Studio Solution File, Format Version 11.00
# Visual Studio 2010
Project("{FAE04EC0-301F-11D3-BF4B-00C04F79EFBC}") = "Assembly-CSharp", "Assembly-CSharp.csproj", "{218532AB-465A-3CA5-B53B-E3AA403E3829}"
EndProject
Project("{FAE04EC0-301F-11D3-BF4B-00C04F79EFBC}") = "Assembly-CSharp-firstpass", "Assembly-CSharp-firstpass.csproj", "{3F398CED-CDC4-AFD6-96CC-85C7EEE0C23E}"
EndProject
Project("{FAE04EC0-301F-11D3-BF4B-00C04F79EFBC}") = "SimpleFileBrowser.Runtime", "SimpleFileBrowser.Runtime.csproj", "{3FAFCDEF-1E60-ED6B-B762-7DB5D617B017}"
EndProject
Project("{FAE04EC0-301F-11D3-BF4B-00C04F79EFBC}") = "NativeShare.Runtime", "NativeShare.Runtime.csproj", "{8DE18F33-AFC5-295A-E4C6-ED04AC97D366}"
EndProject
Project("{FAE04EC0-301F-11D3-BF4B-00C04F79EFBC}") = "Assembly-CSharp-Editor", "Assembly-CSharp-Editor.csproj", "{1590FA57-6744-1FEA-F600-5D27DF8CCA41}"
EndProject
Project("{FAE04EC0-301F-11D3-BF4B-00C04F79EFBC}") = "Assembly-CSharp-Editor-firstpass", "Assembly-CSharp-Editor-firstpass.csproj", "{700FD704-D22F-7992-2A89-D616006C9BA3}"
EndProject
Project("{FAE04EC0-301F-11D3-BF4B-00C04F79EFBC}") = "EditorMigrationScripts", "EditorMigrationScripts.csproj", "{51460C7C-D3FF-4241-8051-8A53038B4B92}"
EndProject
Project("{FAE04EC0-301F-11D3-BF4B-00C04F79EFBC}") = "NativeShare.Editor", "NativeShare.Editor.csproj", "{D46B52D5-AB65-20DF-AFFA-C84093933860}"
EndProject
Global
	GlobalSection(SolutionConfigurationPlatforms) = preSolution
		Debug|Any CPU = Debug|Any CPU
		Release|Any CPU = Release|Any CPU
	EndGlobalSection
	GlobalSection(ProjectConfigurationPlatforms) = postSolution
		{218532AB-465A-3CA5-B53B-E3AA403E3829}.Debug|Any CPU.ActiveCfg = Debug|Any CPU
		{218532AB-465A-3CA5-B53B-E3AA403E3829}.Debug|Any CPU.Build.0 = Debug|Any CPU
		{218532AB-465A-3CA5-B53B-E3AA403E3829}.Release|Any CPU.ActiveCfg = Release|Any CPU
		{218532AB-465A-3CA5-B53B-E3AA403E3829}.Release|Any CPU.Build.0 = Release|Any CPU
		{3F398CED-CDC4-AFD6-96CC-85C7EEE0C23E}.Debug|Any CPU.ActiveCfg = Debug|Any CPU
		{3F398CED-CDC4-AFD6-96CC-85C7EEE0C23E}.Debug|Any CPU.Build.0 = Debug|Any CPU
		{3F398CED-CDC4-AFD6-96CC-85C7EEE0C23E}.Release|Any CPU.ActiveCfg = Release|Any CPU
		{3F398CED-CDC4-AFD6-96CC-85C7EEE0C23E}.Release|Any CPU.Build.0 = Release|Any CPU
		{3FAFCDEF-1E60-ED6B-B762-7DB5D617B017}.Debug|Any CPU.ActiveCfg = Debug|Any CPU
		{3FAFCDEF-1E60-ED6B-B762-7DB5D617B017}.Debug|Any CPU.Build.0 = Debug|Any CPU
		{3FAFCDEF-1E60-ED6B-B762-7DB5D617B017}.Release|Any CPU.ActiveCfg = Release|Any CPU
		{3FAFCDEF-1E60-ED6B-B762-7DB5D617B017}.Release|Any CPU.Build.0 = Release|Any CPU
		{8DE18F33-AFC5-295A-E4C6-ED04AC97D366}.Debug|Any CPU.ActiveCfg = Debug|Any CPU
		{8DE18F33-AFC5-295A-E4C6-ED04AC97D366}.Debug|Any CPU.Build.0 = Debug|Any CPU
		{8DE18F33-AFC5-295A-E4C6-ED04AC97D366}.Release|Any CPU.ActiveCfg = Release|Any CPU
		{8DE18F33-AFC5-295A-E4C6-ED04AC97D366}.Release|Any CPU.Build.0 = Release|Any CPU
		{1590FA57-6744-1FEA-F600-5D27DF8CCA41}.Debug|Any CPU.ActiveCfg = Debug|Any CPU
		{1590FA57-6744-1FEA-F600-5D27DF8CCA41}.Debug|Any CPU.Build.0 = Debug|Any CPU
		{1590FA57-6744-1FEA-F600-5D27DF8CCA41}.Release|Any CPU.ActiveCfg = Release|Any CPU
		{1590FA57-6744-1FEA-F600-5D27DF8CCA41}.Release|Any CPU.Build.0 = Release|Any CPU
		{700FD704-D22F-7992-2A89-D616006C9BA3}.Debug|Any CPU.ActiveCfg = Debug|Any CPU
		{700FD704-D22F-7992-2A89-D616006C9BA3}.Debug|Any CPU.Build.0 = Debug|Any CPU
		{700FD704-D22F-7992-2A89-D616006C9BA3}.Release|Any CPU.ActiveCfg = Release|Any CPU
		{700FD704-D22F-7992-2A89-D616006C9BA3}.Release|Any CPU.Build.0 = Release|Any CPU
		{51460C7C-D3FF-4241-8051-8A53038B4B92}.Debug|Any CPU.ActiveCfg = Debug|Any CPU
		{51460C7C-D3FF-4241-8051-8A53038B4B92}.Debug|Any CPU.Build.0 = Debug|Any CPU
		{51460C7C-D3FF-4241-8051-8A53038B4B92}.Release|Any CPU.ActiveCfg = Release|Any CPU
		{51460C7C-D3FF-4241-8051-8A53038B4B92}.Release|Any CPU.Build.0 = Release|Any CPU
		{D46B52D5-AB65-20DF-AFFA-C84093933860}.Debug|Any CPU.ActiveCfg = Debug|Any CPU
		{D46B52D5-AB65-20DF-AFFA-C84093933860}.Debug|Any CPU.Build.0 = Debug|Any CPU
		{D46B52D5-AB65-20DF-AFFA-C84093933860}.Release|Any CPU.ActiveCfg = Release|Any CPU
		{D46B52D5-AB65-20DF-AFFA-C84093933860}.Release|Any CPU.Build.0 = Release|Any CPU
	EndGlobalSection
	GlobalSection(SolutionProperties) = preSolution
		HideSolutionNode = FALSE
	EndGlobalSection
EndGlobal
